
Microsoft Visual Studio Solution File, Format Version 12.00
# Visual Studio Version 17
VisualStudioVersion = 17.0.31611.283
MinimumVisualStudioVersion = 10.0.40219.1
Project("{9A19103F-16F7-4668-BE54-9A1E7A4F7556}") = "OpenSee", "OpenSee\OpenSee.csproj", "{3D1A04DA-D8EA-432F-9586-345D4170039D}"
EndProject
Project("{9A19103F-16F7-4668-BE54-9A1E7A4F7556}") = "OpenSeeXF", "OpenSeeXF\OpenSeeXF\OpenSeeXF.csproj", "{C832F484-15C0-45FE-82F0-AE9FAC500E95}"
EndProject
Project("{9A19103F-16F7-4668-BE54-9A1E7A4F7556}") = "OpenSee.Common", "OpenSee.Common\OpenSee.Common.csproj", "{4D9076E7-A36B-4E0F-BA06-299B585FEEFC}"
EndProject
Project("{FAE04EC0-301F-11D3-BF4B-00C04F79EFBC}") = "OpenSeeXF.MacOS", "OpenSeeXF\OpenSeeXF.MacOS\OpenSeeXF.MacOS.csproj", "{19AAF195-BAFF-4245-A83D-CE4B801B08B4}"
EndProject
Global
	GlobalSection(SolutionConfigurationPlatforms) = preSolution
		Debug|Any CPU = Debug|Any CPU
		Debug|iPhone = Debug|iPhone
		Debug|iPhoneSimulator = Debug|iPhoneSimulator
		Release|Any CPU = Release|Any CPU
		Release|iPhone = Release|iPhone
		Release|iPhoneSimulator = Release|iPhoneSimulator
	EndGlobalSection
	GlobalSection(ProjectConfigurationPlatforms) = postSolution
		{3D1A04DA-D8EA-432F-9586-345D4170039D}.Debug|Any CPU.ActiveCfg = Debug|Any CPU
		{3D1A04DA-D8EA-432F-9586-345D4170039D}.Debug|Any CPU.Build.0 = Debug|Any CPU
		{3D1A04DA-D8EA-432F-9586-345D4170039D}.Debug|Any CPU.Deploy.0 = Debug|Any CPU
		{3D1A04DA-D8EA-432F-9586-345D4170039D}.Debug|iPhone.ActiveCfg = Debug|Any CPU
		{3D1A04DA-D8EA-432F-9586-345D4170039D}.Debug|iPhone.Build.0 = Debug|Any CPU
		{3D1A04DA-D8EA-432F-9586-345D4170039D}.Debug|iPhoneSimulator.ActiveCfg = Debug|Any CPU
		{3D1A04DA-D8EA-432F-9586-345D4170039D}.Debug|iPhoneSimulator.Build.0 = Debug|Any CPU
		{3D1A04DA-D8EA-432F-9586-345D4170039D}.Release|Any CPU.ActiveCfg = Release|Any CPU
		{3D1A04DA-D8EA-432F-9586-345D4170039D}.Release|Any CPU.Build.0 = Release|Any CPU
		{3D1A04DA-D8EA-432F-9586-345D4170039D}.Release|Any CPU.Deploy.0 = Release|Any CPU
		{3D1A04DA-D8EA-432F-9586-345D4170039D}.Release|iPhone.ActiveCfg = Release|Any CPU
		{3D1A04DA-D8EA-432F-9586-345D4170039D}.Release|iPhone.Build.0 = Release|Any CPU
		{3D1A04DA-D8EA-432F-9586-345D4170039D}.Release|iPhoneSimulator.ActiveCfg = Release|Any CPU
		{3D1A04DA-D8EA-432F-9586-345D4170039D}.Release|iPhoneSimulator.Build.0 = Release|Any CPU
		{C832F484-15C0-45FE-82F0-AE9FAC500E95}.Debug|Any CPU.ActiveCfg = Debug|Any CPU
		{C832F484-15C0-45FE-82F0-AE9FAC500E95}.Debug|Any CPU.Build.0 = Debug|Any CPU
		{C832F484-15C0-45FE-82F0-AE9FAC500E95}.Debug|iPhone.ActiveCfg = Debug|Any CPU
		{C832F484-15C0-45FE-82F0-AE9FAC500E95}.Debug|iPhone.Build.0 = Debug|Any CPU
		{C832F484-15C0-45FE-82F0-AE9FAC500E95}.Debug|iPhoneSimulator.ActiveCfg = Debug|Any CPU
		{C832F484-15C0-45FE-82F0-AE9FAC500E95}.Debug|iPhoneSimulator.Build.0 = Debug|Any CPU
		{C832F484-15C0-45FE-82F0-AE9FAC500E95}.Release|Any CPU.ActiveCfg = Release|Any CPU
		{C832F484-15C0-45FE-82F0-AE9FAC500E95}.Release|Any CPU.Build.0 = Release|Any CPU
		{C832F484-15C0-45FE-82F0-AE9FAC500E95}.Release|iPhone.ActiveCfg = Release|Any CPU
		{C832F484-15C0-45FE-82F0-AE9FAC500E95}.Release|iPhone.Build.0 = Release|Any CPU
		{C832F484-15C0-45FE-82F0-AE9FAC500E95}.Release|iPhoneSimulator.ActiveCfg = Release|Any CPU
		{C832F484-15C0-45FE-82F0-AE9FAC500E95}.Release|iPhoneSimulator.Build.0 = Release|Any CPU
		{4D9076E7-A36B-4E0F-BA06-299B585FEEFC}.Debug|Any CPU.ActiveCfg = Debug|Any CPU
		{4D9076E7-A36B-4E0F-BA06-299B585FEEFC}.Debug|Any CPU.Build.0 = Debug|Any CPU
		{4D9076E7-A36B-4E0F-BA06-299B585FEEFC}.Debug|iPhone.ActiveCfg = Debug|Any CPU
		{4D9076E7-A36B-4E0F-BA06-299B585FEEFC}.Debug|iPhone.Build.0 = Debug|Any CPU
		{4D9076E7-A36B-4E0F-BA06-299B585FEEFC}.Debug|iPhoneSimulator.ActiveCfg = Debug|Any CPU
		{4D9076E7-A36B-4E0F-BA06-299B585FEEFC}.Debug|iPhoneSimulator.Build.0 = Debug|Any CPU
		{4D9076E7-A36B-4E0F-BA06-299B585FEEFC}.Release|Any CPU.ActiveCfg = Release|Any CPU
		{4D9076E7-A36B-4E0F-BA06-299B585FEEFC}.Release|Any CPU.Build.0 = Release|Any CPU
		{4D9076E7-A36B-4E0F-BA06-299B585FEEFC}.Release|iPhone.ActiveCfg = Release|Any CPU
		{4D9076E7-A36B-4E0F-BA06-299B585FEEFC}.Release|iPhone.Build.0 = Release|Any CPU
		{4D9076E7-A36B-4E0F-BA06-299B585FEEFC}.Release|iPhoneSimulator.ActiveCfg = Release|Any CPU
		{4D9076E7-A36B-4E0F-BA06-299B585FEEFC}.Release|iPhoneSimulator.Build.0 = Release|Any CPU
		{19AAF195-BAFF-4245-A83D-CE4B801B08B4}.Debug|Any CPU.ActiveCfg = Debug|Any CPU
		{19AAF195-BAFF-4245-A83D-CE4B801B08B4}.Debug|Any CPU.Build.0 = Debug|Any CPU
		{19AAF195-BAFF-4245-A83D-CE4B801B08B4}.Debug|iPhone.ActiveCfg = Debug|Any CPU
		{19AAF195-BAFF-4245-A83D-CE4B801B08B4}.Debug|iPhone.Build.0 = Debug|Any CPU
		{19AAF195-BAFF-4245-A83D-CE4B801B08B4}.Debug|iPhoneSimulator.ActiveCfg = Debug|Any CPU
		{19AAF195-BAFF-4245-A83D-CE4B801B08B4}.Debug|iPhoneSimulator.Build.0 = Debug|Any CPU
		{19AAF195-BAFF-4245-A83D-CE4B801B08B4}.Release|Any CPU.ActiveCfg = Release|Any CPU
		{19AAF195-BAFF-4245-A83D-CE4B801B08B4}.Release|Any CPU.Build.0 = Release|Any CPU
		{19AAF195-BAFF-4245-A83D-CE4B801B08B4}.Release|iPhone.ActiveCfg = Release|Any CPU
		{19AAF195-BAFF-4245-A83D-CE4B801B08B4}.Release|iPhone.Build.0 = Release|Any CPU
		{19AAF195-BAFF-4245-A83D-CE4B801B08B4}.Release|iPhoneSimulator.ActiveCfg = Release|Any CPU
		{19AAF195-BAFF-4245-A83D-CE4B801B08B4}.Release|iPhoneSimulator.Build.0 = Release|Any CPU
	EndGlobalSection
	GlobalSection(SolutionProperties) = preSolution
		HideSolutionNode = FALSE
	EndGlobalSection
	GlobalSection(ExtensibilityGlobals) = postSolution
		SolutionGuid = {61F7FB11-1E47-470C-91E2-47F8143E1572}
	EndGlobalSection
EndGlobal
